# This file is autogenerated, do not edit; changes may be undone by the next 'dep ensure'.


[[projects]]
  name = "github.com/BurntSushi/toml"
  packages = ["."]
  revision = "b26d9c308763d68093482582cea63d69be07a0f0"
  version = "v0.3.0"

[[projects]]
  name = "github.com/inconshreveable/mousetrap"
  packages = ["."]
  revision = "76626ae9c91c4f2a10f34cad8ce83ea42c93bb75"
  version = "v1.0"

[[projects]]
  name = "github.com/pkg/errors"
  packages = ["."]
  revision = "645ef00459ed84a119197bfb8d8205042c6df63d"
  version = "v0.8.0"

[[projects]]
  name = "github.com/spf13/cobra"
  packages = ["."]
  revision = "7b2c5ac9fc04fc5efafb60700713d4fa609b777b"
  version = "v0.0.1"

[[projects]]
  name = "github.com/spf13/pflag"
  packages = ["."]
  revision = "e57e3eeb33f795204c1ca35f56c44f83227c6e66"
  version = "v1.0.0"

[[projects]]
  name = "github.com/spiegel-im-spiegel/gocli"
  packages = ["."]
  revision = "663c5d5d717eb8076219a392d2dd2b15e35a17bd"
  version = "v0.4.3"

[[projects]]
  branch = "master"
  name = "golang.org/x/crypto"
  packages = ["cast5","openpgp/armor","openpgp/elgamal","openpgp/errors","openpgp/packet","openpgp/s2k"]
  revision = "b080dc9a8c480b08e698fb1219160d598526310f"

[solve-meta]
  analyzer-name = "dep"
  analyzer-version = 1
  inputs-digest = "38d1fe9bc280d7267c04d68559db7d09974f203ea7421312e633e3e7b549f950"
  solver-name = "gps-cdcl"
  solver-version = 1
